github.com/lib/pq v1.2.0 h1:LXpIM/LZ5xGFhOpXAQUIMM1HdyqzVYM13zNdjCEEcA0=
github.com/lib/pq v1.2.0/go.mod h1:5WUZQaWbwv1U+lTReE5YruASi9Al49XbQIvNi/34Woo=
github.com/spacetab-io/i18n-go v0.1.9 h1:5Cspl/DO5rFbta0MEww9vWimS90keywm3Ygyk2EyETA=
github.com/spacetab-io/i18n-go v0.1.9/go.mod h1:3o+A17tw/nm01BK45eFOpvp72te9507056uIXTRmxik=
